
Microsoft Visual Studio Solution File, Format Version 12.00
# Visual Studio Version 17
VisualStudioVersion = 17.12.35323.107
MinimumVisualStudioVersion = 10.0.40219.1
Project("{FAE04EC0-301F-11D3-BF4B-00C04F79EFBC}") = "02_01_Smells_Naming", "02_1_Smells\02_01_Smells_Naming.csproj", "{5A4D1D1E-17A4-42BC-A739-C39E975E0F7B}"
EndProject
Project("{FAE04EC0-301F-11D3-BF4B-00C04F79EFBC}") = "02_02_Smells_DuplicateCode", "02_2_Smells_DuplicateCode\02_02_Smells_DuplicateCode.csproj", "{1B914A15-FED2-40EC-9479-67F6F7CB6EBE}"
EndProject
Project("{FAE04EC0-301F-11D3-BF4B-00C04F79EFBC}") = "02_03_Smells_LongFunctions", "02_3_Smells_LongFunctions\02_03_Smells_LongFunctions.csproj", "{3D9B454C-BC88-4D61-A09F-E34B56478CEA}"
EndProject
Project("{FAE04EC0-301F-11D3-BF4B-00C04F79EFBC}") = "02_04_Smells_LongParams", "02_4_Smells_LongParams\02_04_Smells_LongParams.csproj", "{B18C97AC-5A35-42B5-A9B3-86DA1CDAA7E8}"
EndProject
Project("{FAE04EC0-301F-11D3-BF4B-00C04F79EFBC}") = "02_05_Smells_Globals", "02_5_Smells_Globals\02_05_Smells_Globals.csproj", "{784DFE37-1288-4D2C-BB5B-0E9FCF9D9D26}"
EndProject
Project("{FAE04EC0-301F-11D3-BF4B-00C04F79EFBC}") = "02_06_ChangebleData", "02_6_ChangebleData\02_06_ChangebleData.csproj", "{C1D3BB9C-CAD1-4C7F-8728-D2CDD5F10289}"
EndProject
Project("{FAE04EC0-301F-11D3-BF4B-00C04F79EFBC}") = "02_07_Smells_FeatureEnvy", "02_07_Smells_FeatureEnvy\02_07_Smells_FeatureEnvy.csproj", "{0781923D-ECBF-4FD7-B63E-B0A1D1D2E97A}"
EndProject
Project("{FAE04EC0-301F-11D3-BF4B-00C04F79EFBC}") = "02_08_Smells_BigClasses", "02_8_Smells_BigClasses\02_08_Smells_BigClasses.csproj", "{9803C089-6794-4912-9CFC-1D228B888DBA}"
EndProject
Project("{FAE04EC0-301F-11D3-BF4B-00C04F79EFBC}") = "02_09_Smells_Comments", "02_9_Smells_Comments\02_09_Smells_Comments.csproj", "{F3D6008C-42DA-4D28-AF6E-5111D7834FB9}"
EndProject
Project("{FAE04EC0-301F-11D3-BF4B-00C04F79EFBC}") = "02_10_Smells_MiddleMan", "02_10_Smells_MiddleMan\02_10_Smells_MiddleMan.csproj", "{BCCD20A5-DC7E-448D-B63E-D29523B495D4}"
EndProject
Project("{FAE04EC0-301F-11D3-BF4B-00C04F79EFBC}") = "01_00_GitHub_Copilot", "03_00_GitHub_Copilot\01_00_GitHub_Copilot.csproj", "{F27527AE-E2E0-40B0-826C-64E9A0AE3C3A}"
EndProject
Project("{FAE04EC0-301F-11D3-BF4B-00C04F79EFBC}") = "02_11_Smells_SimpleGame", "02_11_Smells_SimpleGame\02_11_Smells_SimpleGame.csproj", "{6BDA6164-AF2B-4468-A301-112B6DD431D2}"
EndProject
Project("{FAE04EC0-301F-11D3-BF4B-00C04F79EFBC}") = "Hangman", "Hangman\Hangman.csproj", "{4494E7BC-1FBE-4BBA-AEC0-BE34D270D9C6}"
EndProject
Project("{FAE04EC0-301F-11D3-BF4B-00C04F79EFBC}") = "MasterMind", "MasterMind\MasterMind.csproj", "{6B3B748B-8B5D-4717-B56A-CA0A20479BFF}"
EndProject
Project("{FAE04EC0-301F-11D3-BF4B-00C04F79EFBC}") = "MineSweeper", "MineSweeper\MineSweeper.csproj", "{66712BC0-A421-4D68-8768-E13E99719445}"
EndProject
Project("{FAE04EC0-301F-11D3-BF4B-00C04F79EFBC}") = "TikTakToe", "TikTakToe\TikTakToe.csproj", "{CEB5870F-7CB4-4766-B873-6EA11081D430}"
EndProject
Project("{FAE04EC0-301F-11D3-BF4B-00C04F79EFBC}") = "XmlMapper", "XmlMapper\XmlMapper.csproj", "{E1B24EB7-C530-40BD-B83D-A53F0E9E23C2}"
EndProject
Project("{FAE04EC0-301F-11D3-BF4B-00C04F79EFBC}") = "Game.Engine", "Game.Engine\Game.Engine.csproj", "{C7C4E673-0829-4E88-B20D-0E3EC94CFBA3}"
EndProject
Project("{FAE04EC0-301F-11D3-BF4B-00C04F79EFBC}") = "8_2_Game", "8_2_Game\8_2_Game.csproj", "{6FAC2CB7-3988-4C97-880E-98814649E567}"
EndProject
Project("{2150E333-8FDC-42A3-9474-1A3956D46DE8}") = "CopilotExercises", "CopilotExercises", "{A5464CEC-A43E-4E9A-9895-11F1FAF6A823}"
EndProject
Project("{FAE04EC0-301F-11D3-BF4B-00C04F79EFBC}") = "02_12_Smells_DataClumps", "02_12_Smells_DataClumps\02_12_Smells_DataClumps.csproj", "{8757D61F-6285-41B0-8BEE-DBB2AFF8E8A6}"
EndProject
Project("{FAE04EC0-301F-11D3-BF4B-00C04F79EFBC}") = "02_13_HugeSwitch", "02_13_HugeSwitch\02_13_HugeSwitch.csproj", "{236537EB-F463-4E44-8FC1-00EBE77D4590}"
EndProject
Project("{FAE04EC0-301F-11D3-BF4B-00C04F79EFBC}") = "02_14_Smells_MessagingChain", "02_14_Smells_MessagingChain\02_14_Smells_MessagingChain.csproj", "{E3603487-DD6D-4470-92A1-AF6F3EC89E15}"
EndProject
Project("{FAE04EC0-301F-11D3-BF4B-00C04F79EFBC}") = "02_15_InappropiateIntimacy", "02_14_InappropiateIntimacy\02_15_InappropiateIntimacy.csproj", "{9D41712C-447D-4B3C-80CB-0BEBDC495582}"
EndProject
Project("{FAE04EC0-301F-11D3-BF4B-00C04F79EFBC}") = "02_16_SmellyCode", "02_16_SmellyCode\02_16_SmellyCode.csproj", "{A73A4D11-2479-4BB0-AB20-E1AB56F5CDD4}"
EndProject
Project("{FAE04EC0-301F-11D3-BF4B-00C04F79EFBC}") = "Snake", "Snake\Snake.csproj", "{63D85E0E-5841-4FDC-A4D8-0239D686E42E}"
EndProject
Project("{FAE04EC0-301F-11D3-BF4B-00C04F79EFBC}") = "Tetris", "Tetris\Tetris.csproj", "{6D189CC2-6FBC-455B-BBC1-E8040AA3D83E}"
EndProject
Project("{FAE04EC0-301F-11D3-BF4B-00C04F79EFBC}") = "Cars", "Cars\Cars.csproj", "{B9F8046A-AB35-4B44-8DAD-A646A705B303}"
EndProject
Project("{FAE04EC0-301F-11D3-BF4B-00C04F79EFBC}") = "BreakOut", "BreakOut\BreakOut.csproj", "{090834C8-ECC7-4604-A759-09856B3C20F0}"
EndProject
Global
	GlobalSection(SolutionConfigurationPlatforms) = preSolution
		Debug|Any CPU = Debug|Any CPU
		Debug|x64 = Debug|x64
		Release|Any CPU = Release|Any CPU
		Release|x64 = Release|x64
	EndGlobalSection
	GlobalSection(ProjectConfigurationPlatforms) = postSolution
		{5A4D1D1E-17A4-42BC-A739-C39E975E0F7B}.Debug|Any CPU.ActiveCfg = Debug|Any CPU
		{5A4D1D1E-17A4-42BC-A739-C39E975E0F7B}.Debug|Any CPU.Build.0 = Debug|Any CPU
		{5A4D1D1E-17A4-42BC-A739-C39E975E0F7B}.Debug|x64.ActiveCfg = Debug|x64
		{5A4D1D1E-17A4-42BC-A739-C39E975E0F7B}.Debug|x64.Build.0 = Debug|x64
		{5A4D1D1E-17A4-42BC-A739-C39E975E0F7B}.Release|Any CPU.ActiveCfg = Release|Any CPU
		{5A4D1D1E-17A4-42BC-A739-C39E975E0F7B}.Release|Any CPU.Build.0 = Release|Any CPU
		{5A4D1D1E-17A4-42BC-A739-C39E975E0F7B}.Release|x64.ActiveCfg = Release|x64
		{5A4D1D1E-17A4-42BC-A739-C39E975E0F7B}.Release|x64.Build.0 = Release|x64
		{1B914A15-FED2-40EC-9479-67F6F7CB6EBE}.Debug|Any CPU.ActiveCfg = Debug|Any CPU
		{1B914A15-FED2-40EC-9479-67F6F7CB6EBE}.Debug|Any CPU.Build.0 = Debug|Any CPU
		{1B914A15-FED2-40EC-9479-67F6F7CB6EBE}.Debug|x64.ActiveCfg = Debug|x64
		{1B914A15-FED2-40EC-9479-67F6F7CB6EBE}.Debug|x64.Build.0 = Debug|x64
		{1B914A15-FED2-40EC-9479-67F6F7CB6EBE}.Release|Any CPU.ActiveCfg = Release|Any CPU
		{1B914A15-FED2-40EC-9479-67F6F7CB6EBE}.Release|Any CPU.Build.0 = Release|Any CPU
		{1B914A15-FED2-40EC-9479-67F6F7CB6EBE}.Release|x64.ActiveCfg = Release|x64
		{1B914A15-FED2-40EC-9479-67F6F7CB6EBE}.Release|x64.Build.0 = Release|x64
		{3D9B454C-BC88-4D61-A09F-E34B56478CEA}.Debug|Any CPU.ActiveCfg = Debug|Any CPU
		{3D9B454C-BC88-4D61-A09F-E34B56478CEA}.Debug|Any CPU.Build.0 = Debug|Any CPU
		{3D9B454C-BC88-4D61-A09F-E34B56478CEA}.Debug|x64.ActiveCfg = Debug|x64
		{3D9B454C-BC88-4D61-A09F-E34B56478CEA}.Debug|x64.Build.0 = Debug|x64
		{3D9B454C-BC88-4D61-A09F-E34B56478CEA}.Release|Any CPU.ActiveCfg = Release|Any CPU
		{3D9B454C-BC88-4D61-A09F-E34B56478CEA}.Release|Any CPU.Build.0 = Release|Any CPU
		{3D9B454C-BC88-4D61-A09F-E34B56478CEA}.Release|x64.ActiveCfg = Release|x64
		{3D9B454C-BC88-4D61-A09F-E34B56478CEA}.Release|x64.Build.0 = Release|x64
		{B18C97AC-5A35-42B5-A9B3-86DA1CDAA7E8}.Debug|Any CPU.ActiveCfg = Debug|Any CPU
		{B18C97AC-5A35-42B5-A9B3-86DA1CDAA7E8}.Debug|Any CPU.Build.0 = Debug|Any CPU
		{B18C97AC-5A35-42B5-A9B3-86DA1CDAA7E8}.Debug|x64.ActiveCfg = Debug|x64
		{B18C97AC-5A35-42B5-A9B3-86DA1CDAA7E8}.Debug|x64.Build.0 = Debug|x64
		{B18C97AC-5A35-42B5-A9B3-86DA1CDAA7E8}.Release|Any CPU.ActiveCfg = Release|Any CPU
		{B18C97AC-5A35-42B5-A9B3-86DA1CDAA7E8}.Release|Any CPU.Build.0 = Release|Any CPU
		{B18C97AC-5A35-42B5-A9B3-86DA1CDAA7E8}.Release|x64.ActiveCfg = Release|x64
		{B18C97AC-5A35-42B5-A9B3-86DA1CDAA7E8}.Release|x64.Build.0 = Release|x64
		{784DFE37-1288-4D2C-BB5B-0E9FCF9D9D26}.Debug|Any CPU.ActiveCfg = Debug|Any CPU
		{784DFE37-1288-4D2C-BB5B-0E9FCF9D9D26}.Debug|Any CPU.Build.0 = Debug|Any CPU
		{784DFE37-1288-4D2C-BB5B-0E9FCF9D9D26}.Debug|x64.ActiveCfg = Debug|x64
		{784DFE37-1288-4D2C-BB5B-0E9FCF9D9D26}.Debug|x64.Build.0 = Debug|x64
		{784DFE37-1288-4D2C-BB5B-0E9FCF9D9D26}.Release|Any CPU.ActiveCfg = Release|Any CPU
		{784DFE37-1288-4D2C-BB5B-0E9FCF9D9D26}.Release|Any CPU.Build.0 = Release|Any CPU
		{784DFE37-1288-4D2C-BB5B-0E9FCF9D9D26}.Release|x64.ActiveCfg = Release|x64
		{784DFE37-1288-4D2C-BB5B-0E9FCF9D9D26}.Release|x64.Build.0 = Release|x64
		{C1D3BB9C-CAD1-4C7F-8728-D2CDD5F10289}.Debug|Any CPU.ActiveCfg = Debug|Any CPU
		{C1D3BB9C-CAD1-4C7F-8728-D2CDD5F10289}.Debug|Any CPU.Build.0 = Debug|Any CPU
		{C1D3BB9C-CAD1-4C7F-8728-D2CDD5F10289}.Debug|x64.ActiveCfg = Debug|x64
		{C1D3BB9C-CAD1-4C7F-8728-D2CDD5F10289}.Debug|x64.Build.0 = Debug|x64
		{C1D3BB9C-CAD1-4C7F-8728-D2CDD5F10289}.Release|Any CPU.ActiveCfg = Release|Any CPU
		{C1D3BB9C-CAD1-4C7F-8728-D2CDD5F10289}.Release|Any CPU.Build.0 = Release|Any CPU
		{C1D3BB9C-CAD1-4C7F-8728-D2CDD5F10289}.Release|x64.ActiveCfg = Release|x64
		{C1D3BB9C-CAD1-4C7F-8728-D2CDD5F10289}.Release|x64.Build.0 = Release|x64
		{0781923D-ECBF-4FD7-B63E-B0A1D1D2E97A}.Debug|Any CPU.ActiveCfg = Debug|Any CPU
		{0781923D-ECBF-4FD7-B63E-B0A1D1D2E97A}.Debug|Any CPU.Build.0 = Debug|Any CPU
		{0781923D-ECBF-4FD7-B63E-B0A1D1D2E97A}.Debug|x64.ActiveCfg = Debug|x64
		{0781923D-ECBF-4FD7-B63E-B0A1D1D2E97A}.Debug|x64.Build.0 = Debug|x64
		{0781923D-ECBF-4FD7-B63E-B0A1D1D2E97A}.Release|Any CPU.ActiveCfg = Release|Any CPU
		{0781923D-ECBF-4FD7-B63E-B0A1D1D2E97A}.Release|Any CPU.Build.0 = Release|Any CPU
		{0781923D-ECBF-4FD7-B63E-B0A1D1D2E97A}.Release|x64.ActiveCfg = Release|x64
		{0781923D-ECBF-4FD7-B63E-B0A1D1D2E97A}.Release|x64.Build.0 = Release|x64
		{9803C089-6794-4912-9CFC-1D228B888DBA}.Debug|Any CPU.ActiveCfg = Debug|Any CPU
		{9803C089-6794-4912-9CFC-1D228B888DBA}.Debug|Any CPU.Build.0 = Debug|Any CPU
		{9803C089-6794-4912-9CFC-1D228B888DBA}.Debug|x64.ActiveCfg = Debug|x64
		{9803C089-6794-4912-9CFC-1D228B888DBA}.Debug|x64.Build.0 = Debug|x64
		{9803C089-6794-4912-9CFC-1D228B888DBA}.Release|Any CPU.ActiveCfg = Release|Any CPU
		{9803C089-6794-4912-9CFC-1D228B888DBA}.Release|Any CPU.Build.0 = Release|Any CPU
		{9803C089-6794-4912-9CFC-1D228B888DBA}.Release|x64.ActiveCfg = Release|x64
		{9803C089-6794-4912-9CFC-1D228B888DBA}.Release|x64.Build.0 = Release|x64
		{F3D6008C-42DA-4D28-AF6E-5111D7834FB9}.Debug|Any CPU.ActiveCfg = Debug|Any CPU
		{F3D6008C-42DA-4D28-AF6E-5111D7834FB9}.Debug|Any CPU.Build.0 = Debug|Any CPU
		{F3D6008C-42DA-4D28-AF6E-5111D7834FB9}.Debug|x64.ActiveCfg = Debug|x64
		{F3D6008C-42DA-4D28-AF6E-5111D7834FB9}.Debug|x64.Build.0 = Debug|x64
		{F3D6008C-42DA-4D28-AF6E-5111D7834FB9}.Release|Any CPU.ActiveCfg = Release|Any CPU
		{F3D6008C-42DA-4D28-AF6E-5111D7834FB9}.Release|Any CPU.Build.0 = Release|Any CPU
		{F3D6008C-42DA-4D28-AF6E-5111D7834FB9}.Release|x64.ActiveCfg = Release|x64
		{F3D6008C-42DA-4D28-AF6E-5111D7834FB9}.Release|x64.Build.0 = Release|x64
		{BCCD20A5-DC7E-448D-B63E-D29523B495D4}.Debug|Any CPU.ActiveCfg = Debug|Any CPU
		{BCCD20A5-DC7E-448D-B63E-D29523B495D4}.Debug|Any CPU.Build.0 = Debug|Any CPU
		{BCCD20A5-DC7E-448D-B63E-D29523B495D4}.Debug|x64.ActiveCfg = Debug|x64
		{BCCD20A5-DC7E-448D-B63E-D29523B495D4}.Debug|x64.Build.0 = Debug|x64
		{BCCD20A5-DC7E-448D-B63E-D29523B495D4}.Release|Any CPU.ActiveCfg = Release|Any CPU
		{BCCD20A5-DC7E-448D-B63E-D29523B495D4}.Release|Any CPU.Build.0 = Release|Any CPU
		{BCCD20A5-DC7E-448D-B63E-D29523B495D4}.Release|x64.ActiveCfg = Release|x64
		{BCCD20A5-DC7E-448D-B63E-D29523B495D4}.Release|x64.Build.0 = Release|x64
		{F27527AE-E2E0-40B0-826C-64E9A0AE3C3A}.Debug|Any CPU.ActiveCfg = Debug|Any CPU
		{F27527AE-E2E0-40B0-826C-64E9A0AE3C3A}.Debug|Any CPU.Build.0 = Debug|Any CPU
		{F27527AE-E2E0-40B0-826C-64E9A0AE3C3A}.Debug|x64.ActiveCfg = Debug|x64
		{F27527AE-E2E0-40B0-826C-64E9A0AE3C3A}.Debug|x64.Build.0 = Debug|x64
		{F27527AE-E2E0-40B0-826C-64E9A0AE3C3A}.Release|Any CPU.ActiveCfg = Release|Any CPU
		{F27527AE-E2E0-40B0-826C-64E9A0AE3C3A}.Release|Any CPU.Build.0 = Release|Any CPU
		{F27527AE-E2E0-40B0-826C-64E9A0AE3C3A}.Release|x64.ActiveCfg = Release|x64
		{F27527AE-E2E0-40B0-826C-64E9A0AE3C3A}.Release|x64.Build.0 = Release|x64
		{6BDA6164-AF2B-4468-A301-112B6DD431D2}.Debug|Any CPU.ActiveCfg = Debug|Any CPU
		{6BDA6164-AF2B-4468-A301-112B6DD431D2}.Debug|Any CPU.Build.0 = Debug|Any CPU
		{6BDA6164-AF2B-4468-A301-112B6DD431D2}.Debug|x64.ActiveCfg = Debug|x64
		{6BDA6164-AF2B-4468-A301-112B6DD431D2}.Debug|x64.Build.0 = Debug|x64
		{6BDA6164-AF2B-4468-A301-112B6DD431D2}.Release|Any CPU.ActiveCfg = Release|Any CPU
		{6BDA6164-AF2B-4468-A301-112B6DD431D2}.Release|Any CPU.Build.0 = Release|Any CPU
		{6BDA6164-AF2B-4468-A301-112B6DD431D2}.Release|x64.ActiveCfg = Release|x64
		{6BDA6164-AF2B-4468-A301-112B6DD431D2}.Release|x64.Build.0 = Release|x64
		{4494E7BC-1FBE-4BBA-AEC0-BE34D270D9C6}.Debug|Any CPU.ActiveCfg = Debug|Any CPU
		{4494E7BC-1FBE-4BBA-AEC0-BE34D270D9C6}.Debug|Any CPU.Build.0 = Debug|Any CPU
		{4494E7BC-1FBE-4BBA-AEC0-BE34D270D9C6}.Debug|x64.ActiveCfg = Debug|x64
		{4494E7BC-1FBE-4BBA-AEC0-BE34D270D9C6}.Debug|x64.Build.0 = Debug|x64
		{4494E7BC-1FBE-4BBA-AEC0-BE34D270D9C6}.Release|Any CPU.ActiveCfg = Release|Any CPU
		{4494E7BC-1FBE-4BBA-AEC0-BE34D270D9C6}.Release|Any CPU.Build.0 = Release|Any CPU
		{4494E7BC-1FBE-4BBA-AEC0-BE34D270D9C6}.Release|x64.ActiveCfg = Release|x64
		{4494E7BC-1FBE-4BBA-AEC0-BE34D270D9C6}.Release|x64.Build.0 = Release|x64
		{6B3B748B-8B5D-4717-B56A-CA0A20479BFF}.Debug|Any CPU.ActiveCfg = Debug|Any CPU
		{6B3B748B-8B5D-4717-B56A-CA0A20479BFF}.Debug|Any CPU.Build.0 = Debug|Any CPU
		{6B3B748B-8B5D-4717-B56A-CA0A20479BFF}.Debug|x64.ActiveCfg = Debug|x64
		{6B3B748B-8B5D-4717-B56A-CA0A20479BFF}.Debug|x64.Build.0 = Debug|x64
		{6B3B748B-8B5D-4717-B56A-CA0A20479BFF}.Release|Any CPU.ActiveCfg = Release|Any CPU
		{6B3B748B-8B5D-4717-B56A-CA0A20479BFF}.Release|Any CPU.Build.0 = Release|Any CPU
		{6B3B748B-8B5D-4717-B56A-CA0A20479BFF}.Release|x64.ActiveCfg = Release|x64
		{6B3B748B-8B5D-4717-B56A-CA0A20479BFF}.Release|x64.Build.0 = Release|x64
		{66712BC0-A421-4D68-8768-E13E99719445}.Debug|Any CPU.ActiveCfg = Debug|Any CPU
		{66712BC0-A421-4D68-8768-E13E99719445}.Debug|Any CPU.Build.0 = Debug|Any CPU
		{66712BC0-A421-4D68-8768-E13E99719445}.Debug|x64.ActiveCfg = Debug|x64
		{66712BC0-A421-4D68-8768-E13E99719445}.Debug|x64.Build.0 = Debug|x64
		{66712BC0-A421-4D68-8768-E13E99719445}.Release|Any CPU.ActiveCfg = Release|Any CPU
		{66712BC0-A421-4D68-8768-E13E99719445}.Release|Any CPU.Build.0 = Release|Any CPU
		{66712BC0-A421-4D68-8768-E13E99719445}.Release|x64.ActiveCfg = Release|x64
		{66712BC0-A421-4D68-8768-E13E99719445}.Release|x64.Build.0 = Release|x64
		{CEB5870F-7CB4-4766-B873-6EA11081D430}.Debug|Any CPU.ActiveCfg = Debug|Any CPU
		{CEB5870F-7CB4-4766-B873-6EA11081D430}.Debug|Any CPU.Build.0 = Debug|Any CPU
		{CEB5870F-7CB4-4766-B873-6EA11081D430}.Debug|x64.ActiveCfg = Debug|x64
		{CEB5870F-7CB4-4766-B873-6EA11081D430}.Debug|x64.Build.0 = Debug|x64
		{CEB5870F-7CB4-4766-B873-6EA11081D430}.Release|Any CPU.ActiveCfg = Release|Any CPU
		{CEB5870F-7CB4-4766-B873-6EA11081D430}.Release|Any CPU.Build.0 = Release|Any CPU
		{CEB5870F-7CB4-4766-B873-6EA11081D430}.Release|x64.ActiveCfg = Release|x64
		{CEB5870F-7CB4-4766-B873-6EA11081D430}.Release|x64.Build.0 = Release|x64
		{E1B24EB7-C530-40BD-B83D-A53F0E9E23C2}.Debug|Any CPU.ActiveCfg = Debug|Any CPU
		{E1B24EB7-C530-40BD-B83D-A53F0E9E23C2}.Debug|Any CPU.Build.0 = Debug|Any CPU
		{E1B24EB7-C530-40BD-B83D-A53F0E9E23C2}.Debug|x64.ActiveCfg = Debug|x64
		{E1B24EB7-C530-40BD-B83D-A53F0E9E23C2}.Debug|x64.Build.0 = Debug|x64
		{E1B24EB7-C530-40BD-B83D-A53F0E9E23C2}.Release|Any CPU.ActiveCfg = Release|Any CPU
		{E1B24EB7-C530-40BD-B83D-A53F0E9E23C2}.Release|Any CPU.Build.0 = Release|Any CPU
		{E1B24EB7-C530-40BD-B83D-A53F0E9E23C2}.Release|x64.ActiveCfg = Release|x64
		{E1B24EB7-C530-40BD-B83D-A53F0E9E23C2}.Release|x64.Build.0 = Release|x64
		{C7C4E673-0829-4E88-B20D-0E3EC94CFBA3}.Debug|Any CPU.ActiveCfg = Debug|Any CPU
		{C7C4E673-0829-4E88-B20D-0E3EC94CFBA3}.Debug|Any CPU.Build.0 = Debug|Any CPU
		{C7C4E673-0829-4E88-B20D-0E3EC94CFBA3}.Debug|x64.ActiveCfg = Debug|x64
		{C7C4E673-0829-4E88-B20D-0E3EC94CFBA3}.Debug|x64.Build.0 = Debug|x64
		{C7C4E673-0829-4E88-B20D-0E3EC94CFBA3}.Release|Any CPU.ActiveCfg = Release|Any CPU
		{C7C4E673-0829-4E88-B20D-0E3EC94CFBA3}.Release|Any CPU.Build.0 = Release|Any CPU
		{C7C4E673-0829-4E88-B20D-0E3EC94CFBA3}.Release|x64.ActiveCfg = Release|x64
		{C7C4E673-0829-4E88-B20D-0E3EC94CFBA3}.Release|x64.Build.0 = Release|x64
		{6FAC2CB7-3988-4C97-880E-98814649E567}.Debug|Any CPU.ActiveCfg = Debug|Any CPU
		{6FAC2CB7-3988-4C97-880E-98814649E567}.Debug|Any CPU.Build.0 = Debug|Any CPU
		{6FAC2CB7-3988-4C97-880E-98814649E567}.Debug|x64.ActiveCfg = Debug|x64
		{6FAC2CB7-3988-4C97-880E-98814649E567}.Debug|x64.Build.0 = Debug|x64
		{6FAC2CB7-3988-4C97-880E-98814649E567}.Release|Any CPU.ActiveCfg = Release|Any CPU
		{6FAC2CB7-3988-4C97-880E-98814649E567}.Release|Any CPU.Build.0 = Release|Any CPU
		{6FAC2CB7-3988-4C97-880E-98814649E567}.Release|x64.ActiveCfg = Release|x64
		{6FAC2CB7-3988-4C97-880E-98814649E567}.Release|x64.Build.0 = Release|x64
		{8757D61F-6285-41B0-8BEE-DBB2AFF8E8A6}.Debug|Any CPU.ActiveCfg = Debug|Any CPU
		{8757D61F-6285-41B0-8BEE-DBB2AFF8E8A6}.Debug|Any CPU.Build.0 = Debug|Any CPU
		{8757D61F-6285-41B0-8BEE-DBB2AFF8E8A6}.Debug|x64.ActiveCfg = Debug|x64
		{8757D61F-6285-41B0-8BEE-DBB2AFF8E8A6}.Debug|x64.Build.0 = Debug|x64
		{8757D61F-6285-41B0-8BEE-DBB2AFF8E8A6}.Release|Any CPU.ActiveCfg = Release|Any CPU
		{8757D61F-6285-41B0-8BEE-DBB2AFF8E8A6}.Release|Any CPU.Build.0 = Release|Any CPU
		{8757D61F-6285-41B0-8BEE-DBB2AFF8E8A6}.Release|x64.ActiveCfg = Release|x64
		{8757D61F-6285-41B0-8BEE-DBB2AFF8E8A6}.Release|x64.Build.0 = Release|x64
		{236537EB-F463-4E44-8FC1-00EBE77D4590}.Debug|Any CPU.ActiveCfg = Debug|Any CPU
		{236537EB-F463-4E44-8FC1-00EBE77D4590}.Debug|Any CPU.Build.0 = Debug|Any CPU
		{236537EB-F463-4E44-8FC1-00EBE77D4590}.Debug|x64.ActiveCfg = Debug|x64
		{236537EB-F463-4E44-8FC1-00EBE77D4590}.Debug|x64.Build.0 = Debug|x64
		{236537EB-F463-4E44-8FC1-00EBE77D4590}.Release|Any CPU.ActiveCfg = Release|Any CPU
		{236537EB-F463-4E44-8FC1-00EBE77D4590}.Release|Any CPU.Build.0 = Release|Any CPU
		{236537EB-F463-4E44-8FC1-00EBE77D4590}.Release|x64.ActiveCfg = Release|x64
		{236537EB-F463-4E44-8FC1-00EBE77D4590}.Release|x64.Build.0 = Release|x64
		{E3603487-DD6D-4470-92A1-AF6F3EC89E15}.Debug|Any CPU.ActiveCfg = Debug|Any CPU
		{E3603487-DD6D-4470-92A1-AF6F3EC89E15}.Debug|Any CPU.Build.0 = Debug|Any CPU
		{E3603487-DD6D-4470-92A1-AF6F3EC89E15}.Debug|x64.ActiveCfg = Debug|x64
		{E3603487-DD6D-4470-92A1-AF6F3EC89E15}.Debug|x64.Build.0 = Debug|x64
		{E3603487-DD6D-4470-92A1-AF6F3EC89E15}.Release|Any CPU.ActiveCfg = Release|Any CPU
		{E3603487-DD6D-4470-92A1-AF6F3EC89E15}.Release|Any CPU.Build.0 = Release|Any CPU
		{E3603487-DD6D-4470-92A1-AF6F3EC89E15}.Release|x64.ActiveCfg = Release|x64
		{E3603487-DD6D-4470-92A1-AF6F3EC89E15}.Release|x64.Build.0 = Release|x64
		{9D41712C-447D-4B3C-80CB-0BEBDC495582}.Debug|Any CPU.ActiveCfg = Debug|Any CPU
		{9D41712C-447D-4B3C-80CB-0BEBDC495582}.Debug|Any CPU.Build.0 = Debug|Any CPU
		{9D41712C-447D-4B3C-80CB-0BEBDC495582}.Debug|x64.ActiveCfg = Debug|x64
		{9D41712C-447D-4B3C-80CB-0BEBDC495582}.Debug|x64.Build.0 = Debug|x64
		{9D41712C-447D-4B3C-80CB-0BEBDC495582}.Release|Any CPU.ActiveCfg = Release|Any CPU
		{9D41712C-447D-4B3C-80CB-0BEBDC495582}.Release|Any CPU.Build.0 = Release|Any CPU
		{9D41712C-447D-4B3C-80CB-0BEBDC495582}.Release|x64.ActiveCfg = Release|x64
		{9D41712C-447D-4B3C-80CB-0BEBDC495582}.Release|x64.Build.0 = Release|x64
		{A73A4D11-2479-4BB0-AB20-E1AB56F5CDD4}.Debug|Any CPU.ActiveCfg = Debug|Any CPU
		{A73A4D11-2479-4BB0-AB20-E1AB56F5CDD4}.Debug|Any CPU.Build.0 = Debug|Any CPU
		{A73A4D11-2479-4BB0-AB20-E1AB56F5CDD4}.Debug|x64.ActiveCfg = Debug|x64
		{A73A4D11-2479-4BB0-AB20-E1AB56F5CDD4}.Debug|x64.Build.0 = Debug|x64
		{A73A4D11-2479-4BB0-AB20-E1AB56F5CDD4}.Release|Any CPU.ActiveCfg = Release|Any CPU
		{A73A4D11-2479-4BB0-AB20-E1AB56F5CDD4}.Release|Any CPU.Build.0 = Release|Any CPU
		{A73A4D11-2479-4BB0-AB20-E1AB56F5CDD4}.Release|x64.ActiveCfg = Release|x64
		{A73A4D11-2479-4BB0-AB20-E1AB56F5CDD4}.Release|x64.Build.0 = Release|x64
		{63D85E0E-5841-4FDC-A4D8-0239D686E42E}.Debug|Any CPU.ActiveCfg = Debug|Any CPU
		{63D85E0E-5841-4FDC-A4D8-0239D686E42E}.Debug|Any CPU.Build.0 = Debug|Any CPU
		{63D85E0E-5841-4FDC-A4D8-0239D686E42E}.Debug|x64.ActiveCfg = Debug|x64
		{63D85E0E-5841-4FDC-A4D8-0239D686E42E}.Debug|x64.Build.0 = Debug|x64
		{63D85E0E-5841-4FDC-A4D8-0239D686E42E}.Release|Any CPU.ActiveCfg = Release|Any CPU
		{63D85E0E-5841-4FDC-A4D8-0239D686E42E}.Release|Any CPU.Build.0 = Release|Any CPU
		{63D85E0E-5841-4FDC-A4D8-0239D686E42E}.Release|x64.ActiveCfg = Release|x64
		{63D85E0E-5841-4FDC-A4D8-0239D686E42E}.Release|x64.Build.0 = Release|x64
		{6D189CC2-6FBC-455B-BBC1-E8040AA3D83E}.Debug|Any CPU.ActiveCfg = Debug|Any CPU
		{6D189CC2-6FBC-455B-BBC1-E8040AA3D83E}.Debug|Any CPU.Build.0 = Debug|Any CPU
		{6D189CC2-6FBC-455B-BBC1-E8040AA3D83E}.Debug|x64.ActiveCfg = Debug|x64
		{6D189CC2-6FBC-455B-BBC1-E8040AA3D83E}.Debug|x64.Build.0 = Debug|x64
		{6D189CC2-6FBC-455B-BBC1-E8040AA3D83E}.Release|Any CPU.ActiveCfg = Release|Any CPU
		{6D189CC2-6FBC-455B-BBC1-E8040AA3D83E}.Release|Any CPU.Build.0 = Release|Any CPU
		{6D189CC2-6FBC-455B-BBC1-E8040AA3D83E}.Release|x64.ActiveCfg = Release|x64
		{6D189CC2-6FBC-455B-BBC1-E8040AA3D83E}.Release|x64.Build.0 = Release|x64
		{B9F8046A-AB35-4B44-8DAD-A646A705B303}.Debug|Any CPU.ActiveCfg = Debug|Any CPU
		{B9F8046A-AB35-4B44-8DAD-A646A705B303}.Debug|Any CPU.Build.0 = Debug|Any CPU
		{B9F8046A-AB35-4B44-8DAD-A646A705B303}.Debug|x64.ActiveCfg = Debug|Any CPU
		{B9F8046A-AB35-4B44-8DAD-A646A705B303}.Debug|x64.Build.0 = Debug|Any CPU
		{B9F8046A-AB35-4B44-8DAD-A646A705B303}.Release|Any CPU.ActiveCfg = Release|Any CPU
		{B9F8046A-AB35-4B44-8DAD-A646A705B303}.Release|Any CPU.Build.0 = Release|Any CPU
		{B9F8046A-AB35-4B44-8DAD-A646A705B303}.Release|x64.ActiveCfg = Release|Any CPU
		{B9F8046A-AB35-4B44-8DAD-A646A705B303}.Release|x64.Build.0 = Release|Any CPU
		{090834C8-ECC7-4604-A759-09856B3C20F0}.Debug|Any CPU.ActiveCfg = Debug|Any CPU
		{090834C8-ECC7-4604-A759-09856B3C20F0}.Debug|Any CPU.Build.0 = Debug|Any CPU
		{090834C8-ECC7-4604-A759-09856B3C20F0}.Debug|x64.ActiveCfg = Debug|Any CPU
		{090834C8-ECC7-4604-A759-09856B3C20F0}.Debug|x64.Build.0 = Debug|Any CPU
		{090834C8-ECC7-4604-A759-09856B3C20F0}.Release|Any CPU.ActiveCfg = Release|Any CPU
		{090834C8-ECC7-4604-A759-09856B3C20F0}.Release|Any CPU.Build.0 = Release|Any CPU
		{090834C8-ECC7-4604-A759-09856B3C20F0}.Release|x64.ActiveCfg = Release|Any CPU
		{090834C8-ECC7-4604-A759-09856B3C20F0}.Release|x64.Build.0 = Release|Any CPU
	EndGlobalSection
	GlobalSection(SolutionProperties) = preSolution
		HideSolutionNode = FALSE
	EndGlobalSection
	GlobalSection(NestedProjects) = preSolution
		{4494E7BC-1FBE-4BBA-AEC0-BE34D270D9C6} = {A5464CEC-A43E-4E9A-9895-11F1FAF6A823}
		{6B3B748B-8B5D-4717-B56A-CA0A20479BFF} = {A5464CEC-A43E-4E9A-9895-11F1FAF6A823}
		{66712BC0-A421-4D68-8768-E13E99719445} = {A5464CEC-A43E-4E9A-9895-11F1FAF6A823}
		{CEB5870F-7CB4-4766-B873-6EA11081D430} = {A5464CEC-A43E-4E9A-9895-11F1FAF6A823}
		{E1B24EB7-C530-40BD-B83D-A53F0E9E23C2} = {A5464CEC-A43E-4E9A-9895-11F1FAF6A823}
		{C7C4E673-0829-4E88-B20D-0E3EC94CFBA3} = {A5464CEC-A43E-4E9A-9895-11F1FAF6A823}
		{6FAC2CB7-3988-4C97-880E-98814649E567} = {A5464CEC-A43E-4E9A-9895-11F1FAF6A823}
		{63D85E0E-5841-4FDC-A4D8-0239D686E42E} = {A5464CEC-A43E-4E9A-9895-11F1FAF6A823}
		{6D189CC2-6FBC-455B-BBC1-E8040AA3D83E} = {A5464CEC-A43E-4E9A-9895-11F1FAF6A823}
		{B9F8046A-AB35-4B44-8DAD-A646A705B303} = {A5464CEC-A43E-4E9A-9895-11F1FAF6A823}
		{090834C8-ECC7-4604-A759-09856B3C20F0} = {A5464CEC-A43E-4E9A-9895-11F1FAF6A823}
	EndGlobalSection
	GlobalSection(ExtensibilityGlobals) = postSolution
		SolutionGuid = {B935D719-2802-491F-8A31-9DE819A94D5B}
	EndGlobalSection
EndGlobal
