
Microsoft Visual Studio Solution File, Format Version 12.00
# Visual Studio Version 17
VisualStudioVersion = 17.12.35323.107
MinimumVisualStudioVersion = 10.0.40219.1
Project("{FAE04EC0-301F-11D3-BF4B-00C04F79EFBC}") = "03_01_GitHub_Copilot", "01_Example\03_01_GitHub_Copilot.csproj", "{899E859B-11C0-403B-8ECA-148103B77907}"
EndProject
Project("{FAE04EC0-301F-11D3-BF4B-00C04F79EFBC}") = "02_01_Smells_Naming", "02_1_Smells\02_01_Smells_Naming.csproj", "{5A4D1D1E-17A4-42BC-A739-C39E975E0F7B}"
EndProject
Project("{FAE04EC0-301F-11D3-BF4B-00C04F79EFBC}") = "02_02_Smells_DuplicateCode", "02_2_Smells_DuplicateCode\02_02_Smells_DuplicateCode.csproj", "{1B914A15-FED2-40EC-9479-67F6F7CB6EBE}"
EndProject
Project("{FAE04EC0-301F-11D3-BF4B-00C04F79EFBC}") = "02_03_Smells_LongFunctions", "02_3_Smells_LongFunctions\02_03_Smells_LongFunctions.csproj", "{3D9B454C-BC88-4D61-A09F-E34B56478CEA}"
EndProject
Project("{FAE04EC0-301F-11D3-BF4B-00C04F79EFBC}") = "02_04_Smells_LongParams", "02_4_Smells_LongParams\02_04_Smells_LongParams.csproj", "{B18C97AC-5A35-42B5-A9B3-86DA1CDAA7E8}"
EndProject
Project("{FAE04EC0-301F-11D3-BF4B-00C04F79EFBC}") = "02_05_Smells_Globals", "02_5_Smells_Globals\02_05_Smells_Globals.csproj", "{784DFE37-1288-4D2C-BB5B-0E9FCF9D9D26}"
EndProject
Project("{FAE04EC0-301F-11D3-BF4B-00C04F79EFBC}") = "02_06_ChangebleData", "02_6_ChangebleData\02_06_ChangebleData.csproj", "{C1D3BB9C-CAD1-4C7F-8728-D2CDD5F10289}"
EndProject
Project("{FAE04EC0-301F-11D3-BF4B-00C04F79EFBC}") = "02_07_Smells_FeatureEnvy", "02_07_Smells_FeatureEnvy\02_07_Smells_FeatureEnvy.csproj", "{0781923D-ECBF-4FD7-B63E-B0A1D1D2E97A}"
EndProject
Project("{FAE04EC0-301F-11D3-BF4B-00C04F79EFBC}") = "02_08_Smells_BigClasses", "02_8_Smells_BigClasses\02_08_Smells_BigClasses.csproj", "{9803C089-6794-4912-9CFC-1D228B888DBA}"
EndProject
Project("{FAE04EC0-301F-11D3-BF4B-00C04F79EFBC}") = "02_09_Smells_Comments", "02_9_Smells_Comments\02_09_Smells_Comments.csproj", "{F3D6008C-42DA-4D28-AF6E-5111D7834FB9}"
EndProject
Project("{FAE04EC0-301F-11D3-BF4B-00C04F79EFBC}") = "02_10_Smells_MiddleMan", "02_10_Smells_MiddleMan\02_10_Smells_MiddleMan.csproj", "{BCCD20A5-DC7E-448D-B63E-D29523B495D4}"
EndProject
Project("{FAE04EC0-301F-11D3-BF4B-00C04F79EFBC}") = "01_00_GitHub_Copilot", "03_00_GitHub_Copilot\01_00_GitHub_Copilot.csproj", "{F27527AE-E2E0-40B0-826C-64E9A0AE3C3A}"
EndProject
Project("{FAE04EC0-301F-11D3-BF4B-00C04F79EFBC}") = "02_11_Smells_SimpleGame", "02_11_Smells_SimpleGame\02_11_Smells_SimpleGame.csproj", "{6BDA6164-AF2B-4468-A301-112B6DD431D2}"
EndProject
Global
	GlobalSection(SolutionConfigurationPlatforms) = preSolution
		Debug|Any CPU = Debug|Any CPU
		Release|Any CPU = Release|Any CPU
	EndGlobalSection
	GlobalSection(ProjectConfigurationPlatforms) = postSolution
		{899E859B-11C0-403B-8ECA-148103B77907}.Debug|Any CPU.ActiveCfg = Debug|Any CPU
		{899E859B-11C0-403B-8ECA-148103B77907}.Debug|Any CPU.Build.0 = Debug|Any CPU
		{899E859B-11C0-403B-8ECA-148103B77907}.Release|Any CPU.ActiveCfg = Release|Any CPU
		{899E859B-11C0-403B-8ECA-148103B77907}.Release|Any CPU.Build.0 = Release|Any CPU
		{5A4D1D1E-17A4-42BC-A739-C39E975E0F7B}.Debug|Any CPU.ActiveCfg = Debug|Any CPU
		{5A4D1D1E-17A4-42BC-A739-C39E975E0F7B}.Debug|Any CPU.Build.0 = Debug|Any CPU
		{5A4D1D1E-17A4-42BC-A739-C39E975E0F7B}.Release|Any CPU.ActiveCfg = Release|Any CPU
		{5A4D1D1E-17A4-42BC-A739-C39E975E0F7B}.Release|Any CPU.Build.0 = Release|Any CPU
		{1B914A15-FED2-40EC-9479-67F6F7CB6EBE}.Debug|Any CPU.ActiveCfg = Debug|Any CPU
		{1B914A15-FED2-40EC-9479-67F6F7CB6EBE}.Debug|Any CPU.Build.0 = Debug|Any CPU
		{1B914A15-FED2-40EC-9479-67F6F7CB6EBE}.Release|Any CPU.ActiveCfg = Release|Any CPU
		{1B914A15-FED2-40EC-9479-67F6F7CB6EBE}.Release|Any CPU.Build.0 = Release|Any CPU
		{3D9B454C-BC88-4D61-A09F-E34B56478CEA}.Debug|Any CPU.ActiveCfg = Debug|Any CPU
		{3D9B454C-BC88-4D61-A09F-E34B56478CEA}.Debug|Any CPU.Build.0 = Debug|Any CPU
		{3D9B454C-BC88-4D61-A09F-E34B56478CEA}.Release|Any CPU.ActiveCfg = Release|Any CPU
		{3D9B454C-BC88-4D61-A09F-E34B56478CEA}.Release|Any CPU.Build.0 = Release|Any CPU
		{B18C97AC-5A35-42B5-A9B3-86DA1CDAA7E8}.Debug|Any CPU.ActiveCfg = Debug|Any CPU
		{B18C97AC-5A35-42B5-A9B3-86DA1CDAA7E8}.Debug|Any CPU.Build.0 = Debug|Any CPU
		{B18C97AC-5A35-42B5-A9B3-86DA1CDAA7E8}.Release|Any CPU.ActiveCfg = Release|Any CPU
		{B18C97AC-5A35-42B5-A9B3-86DA1CDAA7E8}.Release|Any CPU.Build.0 = Release|Any CPU
		{784DFE37-1288-4D2C-BB5B-0E9FCF9D9D26}.Debug|Any CPU.ActiveCfg = Debug|Any CPU
		{784DFE37-1288-4D2C-BB5B-0E9FCF9D9D26}.Debug|Any CPU.Build.0 = Debug|Any CPU
		{784DFE37-1288-4D2C-BB5B-0E9FCF9D9D26}.Release|Any CPU.ActiveCfg = Release|Any CPU
		{784DFE37-1288-4D2C-BB5B-0E9FCF9D9D26}.Release|Any CPU.Build.0 = Release|Any CPU
		{C1D3BB9C-CAD1-4C7F-8728-D2CDD5F10289}.Debug|Any CPU.ActiveCfg = Debug|Any CPU
		{C1D3BB9C-CAD1-4C7F-8728-D2CDD5F10289}.Debug|Any CPU.Build.0 = Debug|Any CPU
		{C1D3BB9C-CAD1-4C7F-8728-D2CDD5F10289}.Release|Any CPU.ActiveCfg = Release|Any CPU
		{C1D3BB9C-CAD1-4C7F-8728-D2CDD5F10289}.Release|Any CPU.Build.0 = Release|Any CPU
		{0781923D-ECBF-4FD7-B63E-B0A1D1D2E97A}.Debug|Any CPU.ActiveCfg = Debug|Any CPU
		{0781923D-ECBF-4FD7-B63E-B0A1D1D2E97A}.Debug|Any CPU.Build.0 = Debug|Any CPU
		{0781923D-ECBF-4FD7-B63E-B0A1D1D2E97A}.Release|Any CPU.ActiveCfg = Release|Any CPU
		{0781923D-ECBF-4FD7-B63E-B0A1D1D2E97A}.Release|Any CPU.Build.0 = Release|Any CPU
		{9803C089-6794-4912-9CFC-1D228B888DBA}.Debug|Any CPU.ActiveCfg = Debug|Any CPU
		{9803C089-6794-4912-9CFC-1D228B888DBA}.Debug|Any CPU.Build.0 = Debug|Any CPU
		{9803C089-6794-4912-9CFC-1D228B888DBA}.Release|Any CPU.ActiveCfg = Release|Any CPU
		{9803C089-6794-4912-9CFC-1D228B888DBA}.Release|Any CPU.Build.0 = Release|Any CPU
		{F3D6008C-42DA-4D28-AF6E-5111D7834FB9}.Debug|Any CPU.ActiveCfg = Debug|Any CPU
		{F3D6008C-42DA-4D28-AF6E-5111D7834FB9}.Debug|Any CPU.Build.0 = Debug|Any CPU
		{F3D6008C-42DA-4D28-AF6E-5111D7834FB9}.Release|Any CPU.ActiveCfg = Release|Any CPU
		{F3D6008C-42DA-4D28-AF6E-5111D7834FB9}.Release|Any CPU.Build.0 = Release|Any CPU
		{BCCD20A5-DC7E-448D-B63E-D29523B495D4}.Debug|Any CPU.ActiveCfg = Debug|Any CPU
		{BCCD20A5-DC7E-448D-B63E-D29523B495D4}.Debug|Any CPU.Build.0 = Debug|Any CPU
		{BCCD20A5-DC7E-448D-B63E-D29523B495D4}.Release|Any CPU.ActiveCfg = Release|Any CPU
		{BCCD20A5-DC7E-448D-B63E-D29523B495D4}.Release|Any CPU.Build.0 = Release|Any CPU
		{F27527AE-E2E0-40B0-826C-64E9A0AE3C3A}.Debug|Any CPU.ActiveCfg = Debug|Any CPU
		{F27527AE-E2E0-40B0-826C-64E9A0AE3C3A}.Debug|Any CPU.Build.0 = Debug|Any CPU
		{F27527AE-E2E0-40B0-826C-64E9A0AE3C3A}.Release|Any CPU.ActiveCfg = Release|Any CPU
		{F27527AE-E2E0-40B0-826C-64E9A0AE3C3A}.Release|Any CPU.Build.0 = Release|Any CPU
		{6BDA6164-AF2B-4468-A301-112B6DD431D2}.Debug|Any CPU.ActiveCfg = Debug|Any CPU
		{6BDA6164-AF2B-4468-A301-112B6DD431D2}.Debug|Any CPU.Build.0 = Debug|Any CPU
		{6BDA6164-AF2B-4468-A301-112B6DD431D2}.Release|Any CPU.ActiveCfg = Release|Any CPU
		{6BDA6164-AF2B-4468-A301-112B6DD431D2}.Release|Any CPU.Build.0 = Release|Any CPU
	EndGlobalSection
	GlobalSection(SolutionProperties) = preSolution
		HideSolutionNode = FALSE
	EndGlobalSection
	GlobalSection(ExtensibilityGlobals) = postSolution
		SolutionGuid = {B935D719-2802-491F-8A31-9DE819A94D5B}
	EndGlobalSection
EndGlobal
